
Microsoft Visual Studio Solution File, Format Version 12.00
# Visual Studio Version 17
VisualStudioVersion = 17.0.31903.59
MinimumVisualStudioVersion = 10.0.40219.1
Project("{9A19103F-16F7-4668-BE54-9A1E7A4F7556}") = "lox", "lox.csproj", "{CD045881-C0A0-4963-A116-290C03F0B8D6}"
EndProject
Project("{2150E333-8FDC-42A3-9474-1A3956D46DE8}") = "Tests", "Tests", "{4D54AF12-F238-44FA-90A3-90450191285F}"
EndProject
Project("{FAE04EC0-301F-11D3-BF4B-00C04F79EFBC}") = "lox_tests", "tests\lox_tests\lox_tests.csproj", "{56502A1F-DE2A-4CF5-AE23-D7D8A0DD2AB9}"
EndProject
Global
	GlobalSection(SolutionConfigurationPlatforms) = preSolution
		Debug|Any CPU = Debug|Any CPU
		Release|Any CPU = Release|Any CPU
	EndGlobalSection
	GlobalSection(ProjectConfigurationPlatforms) = postSolution
		{CD045881-C0A0-4963-A116-290C03F0B8D6}.Debug|Any CPU.ActiveCfg = Debug|Any CPU
		{CD045881-C0A0-4963-A116-290C03F0B8D6}.Debug|Any CPU.Build.0 = Debug|Any CPU
		{CD045881-C0A0-4963-A116-290C03F0B8D6}.Release|Any CPU.ActiveCfg = Release|Any CPU
		{CD045881-C0A0-4963-A116-290C03F0B8D6}.Release|Any CPU.Build.0 = Release|Any CPU
		{56502A1F-DE2A-4CF5-AE23-D7D8A0DD2AB9}.Debug|Any CPU.ActiveCfg = Debug|Any CPU
		{56502A1F-DE2A-4CF5-AE23-D7D8A0DD2AB9}.Debug|Any CPU.Build.0 = Debug|Any CPU
		{56502A1F-DE2A-4CF5-AE23-D7D8A0DD2AB9}.Release|Any CPU.ActiveCfg = Release|Any CPU
		{56502A1F-DE2A-4CF5-AE23-D7D8A0DD2AB9}.Release|Any CPU.Build.0 = Release|Any CPU
	EndGlobalSection
	GlobalSection(SolutionProperties) = preSolution
		HideSolutionNode = FALSE
	EndGlobalSection
	GlobalSection(NestedProjects) = preSolution
		{56502A1F-DE2A-4CF5-AE23-D7D8A0DD2AB9} = {4D54AF12-F238-44FA-90A3-90450191285F}
	EndGlobalSection
	GlobalSection(ExtensibilityGlobals) = postSolution
		SolutionGuid = {E939B408-E4B5-40DD-93F4-68FDE9ED884E}
	EndGlobalSection
EndGlobal
